{
  "version": 4,
  "terraform_version": "1.9.7",
  "serial": 9,
  "lineage": "b7e6c4b2-fc00-0005-23ce-d46f55146eb0",
  "outputs": {},
  "resources": [
    {
      "mode": "data",
      "type": "archive_file",
      "name": "function_code",
      "provider": "provider[\"registry.terraform.io/hashicorp/archive\"]",
      "instances": [
        {
          "schema_version": 0,
          "attributes": {
            "exclude_symlink_directories": null,
            "excludes": null,
            "id": "7a3414c9bda87ec1096f726c413e7189ea8574be",
            "output_base64sha256": "SxC7m+tZoAJcNEIGF1WLIBTGWznRhI+G6UD9lKldKwQ=",
            "output_base64sha512": "+l8YxFsoDJmdlN+jXeEuGzU9c3QLMELUad7xIXFgMS0A/5XrLhiP93C9Tz8p1bxbhx7787V39krbPZNw7mkWsA==",
            "output_file_mode": null,
            "output_md5": "03b9a7e0394f74080b75fe85f57043e8",
            "output_path": "./function.zip",
            "output_sha": "7a3414c9bda87ec1096f726c413e7189ea8574be",
            "output_sha256": "4b10bb9beb59a0025c34420617558b2014c65b39d1848f86e940fd94a95d2b04",
            "output_sha512": "fa5f18c45b280c999d94dfa35de12e1b353d73740b3042d469def1217160312d00ff95eb2e188ff770bd4f3f29d5bc5b871efbf3b577f64adb3d9370ee6916b0",
            "output_size": 1069,
            "source": [],
            "source_content": null,
            "source_content_filename": null,
            "source_dir": "./../src",
            "source_file": null,
            "type": "zip"
          },
          "sensitive_attributes": []
        }
      ]
    },
    {
      "mode": "managed",
      "type": "google_storage_bucket",
      "name": "function_bucket",
      "provider": "provider[\"registry.terraform.io/hashicorp/google\"]",
      "instances": [
        {
          "schema_version": 3,
          "attributes": {
            "autoclass": [],
            "cors": [],
            "custom_placement_config": [],
            "default_event_based_hold": false,
            "effective_labels": {
              "goog-terraform-provisioned": "true"
            },
            "enable_object_retention": false,
            "encryption": [],
            "force_destroy": true,
            "hierarchical_namespace": [
              {
                "enabled": false
              }
            ],
            "id": "monte_carlo_bucket_name",
            "labels": null,
            "lifecycle_rule": [],
            "location": "EUROPE-WEST3",
            "logging": [],
            "name": "monte_carlo_bucket_name",
            "project": "monte-carlo-estimation-testing",
            "project_number": 26398238124,
            "public_access_prevention": "inherited",
            "requester_pays": false,
            "retention_policy": [],
            "rpo": null,
            "self_link": "https://www.googleapis.com/storage/v1/b/monte_carlo_bucket_name",
            "soft_delete_policy": [
              {
                "effective_time": "2025-03-05T21:02:15.340Z",
                "retention_duration_seconds": 604800
              }
            ],
            "storage_class": "STANDARD",
            "terraform_labels": {
              "goog-terraform-provisioned": "true"
            },
            "timeouts": null,
            "uniform_bucket_level_access": false,
            "url": "gs://monte_carlo_bucket_name",
            "versioning": [],
            "website": []
          },
          "sensitive_attributes": [],
          "private": "eyJlMmJmYjczMC1lY2FhLTExZTYtOGY4OC0zNDM2M2JjN2M0YzAiOnsiY3JlYXRlIjo2MDAwMDAwMDAwMDAsInJlYWQiOjI0MDAwMDAwMDAwMCwidXBkYXRlIjoyNDAwMDAwMDAwMDB9LCJzY2hlbWFfdmVyc2lvbiI6IjMifQ=="
        }
      ]
    },
    {
      "mode": "managed",
      "type": "google_storage_bucket_object",
      "name": "function_zip",
      "provider": "provider[\"registry.terraform.io/hashicorp/google\"]",
      "instances": [
        {
          "schema_version": 0,
          "attributes": {
            "bucket": "monte_carlo_bucket_name",
            "cache_control": "",
            "content": null,
            "content_disposition": "",
            "content_encoding": "",
            "content_language": "",
            "content_type": "application/zip",
            "crc32c": "fG34mA==",
            "customer_encryption": [],
            "detect_md5hash": "A7mn4DlPdAgLdf6F9XBD6A==",
            "event_based_hold": false,
            "generation": 1741208536308508,
            "id": "monte_carlo_bucket_name-function.zip",
            "kms_key_name": "",
            "md5hash": "A7mn4DlPdAgLdf6F9XBD6A==",
            "media_link": "https://storage.googleapis.com/download/storage/v1/b/monte_carlo_bucket_name/o/function.zip?generation=1741208536308508\u0026alt=media",
            "metadata": null,
            "name": "function.zip",
            "output_name": "function.zip",
            "retention": [],
            "self_link": "https://www.googleapis.com/storage/v1/b/monte_carlo_bucket_name/o/function.zip",
            "source": "./function.zip",
            "storage_class": "STANDARD",
            "temporary_hold": false,
            "timeouts": null
          },
          "sensitive_attributes": [
            [
              {
                "type": "get_attr",
                "value": "content"
              }
            ]
          ],
          "private": "eyJlMmJmYjczMC1lY2FhLTExZTYtOGY4OC0zNDM2M2JjN2M0YzAiOnsiY3JlYXRlIjoyNDAwMDAwMDAwMDAsImRlbGV0ZSI6MjQwMDAwMDAwMDAwLCJ1cGRhdGUiOjI0MDAwMDAwMDAwMH19",
          "dependencies": [
            "data.archive_file.function_code",
            "google_storage_bucket.function_bucket"
          ]
        }
      ]
    }
  ],
  "check_results": null
}
